
Microsoft Visual Studio Solution File, Format Version 12.00
# Visual Studio Express 2012 for Windows Desktop
Project("{8BC9CEB8-8B4A-11D0-8D11-00A0C91BC942}") = "utils", "utils\utils.vcxproj", "{DCE0D7D6-7C24-4C2A-B155-FCD61993CDDD}"
EndProject
Project("{8BC9CEB8-8B4A-11D0-8D11-00A0C91BC942}") = "network", "network\network.vcxproj", "{C117DF75-BA35-427B-9637-6F34F40CFA16}"
EndProject
Project("{8BC9CEB8-8B4A-11D0-8D11-00A0C91BC942}") = "local_files", "local_files\local_files.vcxproj", "{A4CCEDA7-3964-45D7-A8A8-9EBA717A774A}"
EndProject
Project("{8BC9CEB8-8B4A-11D0-8D11-00A0C91BC942}") = "storage_stream", "storage_stream\storage_stream.vcxproj", "{43BB29CF-98D0-4667-98EE-A16D2D56BC6E}"
EndProject
Project("{8BC9CEB8-8B4A-11D0-8D11-00A0C91BC942}") = "compression", "compression\compression.vcxproj", "{38BD6638-A76B-460A-B244-A099770FE699}"
EndProject
Project("{8BC9CEB8-8B4A-11D0-8D11-00A0C91BC942}") = "bzip2", "bzip2\bzip2.vcxproj", "{7A6384A4-DAD3-416C-A7B9-5AFB815A40E2}"
EndProject
Project("{8BC9CEB8-8B4A-11D0-8D11-00A0C91BC942}") = "checksum", "checksum\checksum.vcxproj", "{DB8F6516-F7C1-4842-92E9-7F2B17E9AC9F}"
EndProject
Project("{8BC9CEB8-8B4A-11D0-8D11-00A0C91BC942}") = "octet_builder", "octet_builder\octet_builder.vcxproj", "{2A319931-605D-4802-8B3B-9A5F3ACF21D5}"
EndProject
Project("{8BC9CEB8-8B4A-11D0-8D11-00A0C91BC942}") = "encoding", "encoding\encoding.vcxproj", "{1EC70794-FEA1-4CCF-B97B-B46443006816}"
EndProject
Project("{8BC9CEB8-8B4A-11D0-8D11-00A0C91BC942}") = "ptree", "ptree\ptree.vcxproj", "{FB1B7680-C2DF-440D-8A97-F63786FCA3DA}"
EndProject
Project("{8BC9CEB8-8B4A-11D0-8D11-00A0C91BC942}") = "ptime", "ptime\ptime.vcxproj", "{1D7E0875-C57B-49D7-9C21-D2209A346DFA}"
EndProject
Project("{8BC9CEB8-8B4A-11D0-8D11-00A0C91BC942}") = "variate_random", "variate_random\variate_random.vcxproj", "{349F6442-4A32-430A-B083-9F5422717D44}"
EndProject
Project("{8BC9CEB8-8B4A-11D0-8D11-00A0C91BC942}") = "big_int", "big_int\big_int.vcxproj", "{5E769CA2-925F-4EC3-9A80-5126EB144881}"
EndProject
Project("{8BC9CEB8-8B4A-11D0-8D11-00A0C91BC942}") = "math_ex", "math_ex\math_ex.vcxproj", "{2C122850-4F6F-43CD-98E7-A2B966E1DFB0}"
EndProject
Project("{8BC9CEB8-8B4A-11D0-8D11-00A0C91BC942}") = "geometry", "geometry\geometry.vcxproj", "{434114AA-8E20-441B-A809-AC38497A317D}"
EndProject
Project("{8BC9CEB8-8B4A-11D0-8D11-00A0C91BC942}") = "odeint", "odeint\odeint.vcxproj", "{ED245A1D-03F8-4177-9DD3-7275C1DF02B3}"
EndProject
Project("{8BC9CEB8-8B4A-11D0-8D11-00A0C91BC942}") = "splash_window", "splash_window\splash_window.vcxproj", "{F12BCD32-AF8B-4FB2-B59A-9E194485C016}"
EndProject
Project("{8BC9CEB8-8B4A-11D0-8D11-00A0C91BC942}") = "serialization", "serialization\serialization.vcxproj", "{D9CAE3F0-9B64-4A93-8A3A-8889EE3A9143}"
EndProject
Project("{8BC9CEB8-8B4A-11D0-8D11-00A0C91BC942}") = "sprite_coord", "sprite_coord\sprite_coord.vcxproj", "{73ED12A0-4DF1-4958-B469-1FE00EC04DAC}"
EndProject
Project("{8BC9CEB8-8B4A-11D0-8D11-00A0C91BC942}") = "functor", "functor\functor.vcxproj", "{E2EADA1C-76CE-4D8D-9D09-B3622692A5B4}"
EndProject
Project("{8BC9CEB8-8B4A-11D0-8D11-00A0C91BC942}") = "definition", "definition\definition.vcxproj", "{AFDCAEA4-F165-4D64-BCC9-B4DB006C94E2}"
EndProject
Project("{8BC9CEB8-8B4A-11D0-8D11-00A0C91BC942}") = "sprites", "sprites\sprites.vcxproj", "{9DC91DC3-485C-4742-B69E-3BE8679192CE}"
EndProject
Project("{8BC9CEB8-8B4A-11D0-8D11-00A0C91BC942}") = "os_version", "os_version\os_version.vcxproj", "{3CA0805E-CA7D-4A2A-A447-C22D160587AA}"
EndProject
Project("{8BC9CEB8-8B4A-11D0-8D11-00A0C91BC942}") = "system_info", "system_info\system_info.vcxproj", "{49CFA35F-630D-4EE5-A67E-A23796AAA177}"
EndProject
Project("{8BC9CEB8-8B4A-11D0-8D11-00A0C91BC942}") = "thread_task", "thread_task\thread_task.vcxproj", "{30C260D9-6D93-41A0-BDBB-62C8D421B1B2}"
EndProject
Project("{8BC9CEB8-8B4A-11D0-8D11-00A0C91BC942}") = "tjs_engine", "tjs_engine\tjs_engine.vcxproj", "{297D436C-E019-4A0B-8F8F-51FEAF22B42A}"
EndProject
Project("{8BC9CEB8-8B4A-11D0-8D11-00A0C91BC942}") = "network-v500", "network-v500\network-v500.vcxproj", "{EBACC82A-CEE5-46BC-9F4B-94C034DD2D6E}"
EndProject
Global
	GlobalSection(SolutionConfigurationPlatforms) = preSolution
		Debug|Win32 = Debug|Win32
		Release|Win32 = Release|Win32
	EndGlobalSection
	GlobalSection(ProjectConfigurationPlatforms) = postSolution
		{DCE0D7D6-7C24-4C2A-B155-FCD61993CDDD}.Debug|Win32.ActiveCfg = Debug|Win32
		{DCE0D7D6-7C24-4C2A-B155-FCD61993CDDD}.Debug|Win32.Build.0 = Debug|Win32
		{DCE0D7D6-7C24-4C2A-B155-FCD61993CDDD}.Release|Win32.ActiveCfg = Release|Win32
		{DCE0D7D6-7C24-4C2A-B155-FCD61993CDDD}.Release|Win32.Build.0 = Release|Win32
		{C117DF75-BA35-427B-9637-6F34F40CFA16}.Debug|Win32.ActiveCfg = Debug|Win32
		{C117DF75-BA35-427B-9637-6F34F40CFA16}.Debug|Win32.Build.0 = Debug|Win32
		{C117DF75-BA35-427B-9637-6F34F40CFA16}.Release|Win32.ActiveCfg = Release|Win32
		{C117DF75-BA35-427B-9637-6F34F40CFA16}.Release|Win32.Build.0 = Release|Win32
		{A4CCEDA7-3964-45D7-A8A8-9EBA717A774A}.Debug|Win32.ActiveCfg = Debug|Win32
		{A4CCEDA7-3964-45D7-A8A8-9EBA717A774A}.Debug|Win32.Build.0 = Debug|Win32
		{A4CCEDA7-3964-45D7-A8A8-9EBA717A774A}.Release|Win32.ActiveCfg = Release|Win32
		{A4CCEDA7-3964-45D7-A8A8-9EBA717A774A}.Release|Win32.Build.0 = Release|Win32
		{43BB29CF-98D0-4667-98EE-A16D2D56BC6E}.Debug|Win32.ActiveCfg = Debug|Win32
		{43BB29CF-98D0-4667-98EE-A16D2D56BC6E}.Debug|Win32.Build.0 = Debug|Win32
		{43BB29CF-98D0-4667-98EE-A16D2D56BC6E}.Release|Win32.ActiveCfg = Release|Win32
		{43BB29CF-98D0-4667-98EE-A16D2D56BC6E}.Release|Win32.Build.0 = Release|Win32
		{38BD6638-A76B-460A-B244-A099770FE699}.Debug|Win32.ActiveCfg = Debug|Win32
		{38BD6638-A76B-460A-B244-A099770FE699}.Debug|Win32.Build.0 = Debug|Win32
		{38BD6638-A76B-460A-B244-A099770FE699}.Release|Win32.ActiveCfg = Release|Win32
		{38BD6638-A76B-460A-B244-A099770FE699}.Release|Win32.Build.0 = Release|Win32
		{7A6384A4-DAD3-416C-A7B9-5AFB815A40E2}.Debug|Win32.ActiveCfg = Debug|Win32
		{7A6384A4-DAD3-416C-A7B9-5AFB815A40E2}.Debug|Win32.Build.0 = Debug|Win32
		{7A6384A4-DAD3-416C-A7B9-5AFB815A40E2}.Release|Win32.ActiveCfg = Release|Win32
		{7A6384A4-DAD3-416C-A7B9-5AFB815A40E2}.Release|Win32.Build.0 = Release|Win32
		{DB8F6516-F7C1-4842-92E9-7F2B17E9AC9F}.Debug|Win32.ActiveCfg = Debug|Win32
		{DB8F6516-F7C1-4842-92E9-7F2B17E9AC9F}.Debug|Win32.Build.0 = Debug|Win32
		{DB8F6516-F7C1-4842-92E9-7F2B17E9AC9F}.Release|Win32.ActiveCfg = Release|Win32
		{DB8F6516-F7C1-4842-92E9-7F2B17E9AC9F}.Release|Win32.Build.0 = Release|Win32
		{2A319931-605D-4802-8B3B-9A5F3ACF21D5}.Debug|Win32.ActiveCfg = Debug|Win32
		{2A319931-605D-4802-8B3B-9A5F3ACF21D5}.Debug|Win32.Build.0 = Debug|Win32
		{2A319931-605D-4802-8B3B-9A5F3ACF21D5}.Release|Win32.ActiveCfg = Release|Win32
		{2A319931-605D-4802-8B3B-9A5F3ACF21D5}.Release|Win32.Build.0 = Release|Win32
		{1EC70794-FEA1-4CCF-B97B-B46443006816}.Debug|Win32.ActiveCfg = Debug|Win32
		{1EC70794-FEA1-4CCF-B97B-B46443006816}.Debug|Win32.Build.0 = Debug|Win32
		{1EC70794-FEA1-4CCF-B97B-B46443006816}.Release|Win32.ActiveCfg = Release|Win32
		{1EC70794-FEA1-4CCF-B97B-B46443006816}.Release|Win32.Build.0 = Release|Win32
		{FB1B7680-C2DF-440D-8A97-F63786FCA3DA}.Debug|Win32.ActiveCfg = Debug|Win32
		{FB1B7680-C2DF-440D-8A97-F63786FCA3DA}.Debug|Win32.Build.0 = Debug|Win32
		{FB1B7680-C2DF-440D-8A97-F63786FCA3DA}.Release|Win32.ActiveCfg = Release|Win32
		{FB1B7680-C2DF-440D-8A97-F63786FCA3DA}.Release|Win32.Build.0 = Release|Win32
		{1D7E0875-C57B-49D7-9C21-D2209A346DFA}.Debug|Win32.ActiveCfg = Debug|Win32
		{1D7E0875-C57B-49D7-9C21-D2209A346DFA}.Debug|Win32.Build.0 = Debug|Win32
		{1D7E0875-C57B-49D7-9C21-D2209A346DFA}.Release|Win32.ActiveCfg = Release|Win32
		{1D7E0875-C57B-49D7-9C21-D2209A346DFA}.Release|Win32.Build.0 = Release|Win32
		{349F6442-4A32-430A-B083-9F5422717D44}.Debug|Win32.ActiveCfg = Debug|Win32
		{349F6442-4A32-430A-B083-9F5422717D44}.Debug|Win32.Build.0 = Debug|Win32
		{349F6442-4A32-430A-B083-9F5422717D44}.Release|Win32.ActiveCfg = Release|Win32
		{349F6442-4A32-430A-B083-9F5422717D44}.Release|Win32.Build.0 = Release|Win32
		{5E769CA2-925F-4EC3-9A80-5126EB144881}.Debug|Win32.ActiveCfg = Debug|Win32
		{5E769CA2-925F-4EC3-9A80-5126EB144881}.Debug|Win32.Build.0 = Debug|Win32
		{5E769CA2-925F-4EC3-9A80-5126EB144881}.Release|Win32.ActiveCfg = Release|Win32
		{5E769CA2-925F-4EC3-9A80-5126EB144881}.Release|Win32.Build.0 = Release|Win32
		{2C122850-4F6F-43CD-98E7-A2B966E1DFB0}.Debug|Win32.ActiveCfg = Debug|Win32
		{2C122850-4F6F-43CD-98E7-A2B966E1DFB0}.Debug|Win32.Build.0 = Debug|Win32
		{2C122850-4F6F-43CD-98E7-A2B966E1DFB0}.Release|Win32.ActiveCfg = Release|Win32
		{2C122850-4F6F-43CD-98E7-A2B966E1DFB0}.Release|Win32.Build.0 = Release|Win32
		{434114AA-8E20-441B-A809-AC38497A317D}.Debug|Win32.ActiveCfg = Debug|Win32
		{434114AA-8E20-441B-A809-AC38497A317D}.Debug|Win32.Build.0 = Debug|Win32
		{434114AA-8E20-441B-A809-AC38497A317D}.Release|Win32.ActiveCfg = Release|Win32
		{434114AA-8E20-441B-A809-AC38497A317D}.Release|Win32.Build.0 = Release|Win32
		{ED245A1D-03F8-4177-9DD3-7275C1DF02B3}.Debug|Win32.ActiveCfg = Debug|Win32
		{ED245A1D-03F8-4177-9DD3-7275C1DF02B3}.Debug|Win32.Build.0 = Debug|Win32
		{ED245A1D-03F8-4177-9DD3-7275C1DF02B3}.Release|Win32.ActiveCfg = Release|Win32
		{ED245A1D-03F8-4177-9DD3-7275C1DF02B3}.Release|Win32.Build.0 = Release|Win32
		{F12BCD32-AF8B-4FB2-B59A-9E194485C016}.Debug|Win32.ActiveCfg = Debug|Win32
		{F12BCD32-AF8B-4FB2-B59A-9E194485C016}.Debug|Win32.Build.0 = Debug|Win32
		{F12BCD32-AF8B-4FB2-B59A-9E194485C016}.Release|Win32.ActiveCfg = Release|Win32
		{F12BCD32-AF8B-4FB2-B59A-9E194485C016}.Release|Win32.Build.0 = Release|Win32
		{D9CAE3F0-9B64-4A93-8A3A-8889EE3A9143}.Debug|Win32.ActiveCfg = Debug|Win32
		{D9CAE3F0-9B64-4A93-8A3A-8889EE3A9143}.Debug|Win32.Build.0 = Debug|Win32
		{D9CAE3F0-9B64-4A93-8A3A-8889EE3A9143}.Release|Win32.ActiveCfg = Release|Win32
		{D9CAE3F0-9B64-4A93-8A3A-8889EE3A9143}.Release|Win32.Build.0 = Release|Win32
		{73ED12A0-4DF1-4958-B469-1FE00EC04DAC}.Debug|Win32.ActiveCfg = Debug|Win32
		{73ED12A0-4DF1-4958-B469-1FE00EC04DAC}.Debug|Win32.Build.0 = Debug|Win32
		{73ED12A0-4DF1-4958-B469-1FE00EC04DAC}.Release|Win32.ActiveCfg = Release|Win32
		{73ED12A0-4DF1-4958-B469-1FE00EC04DAC}.Release|Win32.Build.0 = Release|Win32
		{E2EADA1C-76CE-4D8D-9D09-B3622692A5B4}.Debug|Win32.ActiveCfg = Debug|Win32
		{E2EADA1C-76CE-4D8D-9D09-B3622692A5B4}.Debug|Win32.Build.0 = Debug|Win32
		{E2EADA1C-76CE-4D8D-9D09-B3622692A5B4}.Release|Win32.ActiveCfg = Release|Win32
		{E2EADA1C-76CE-4D8D-9D09-B3622692A5B4}.Release|Win32.Build.0 = Release|Win32
		{AFDCAEA4-F165-4D64-BCC9-B4DB006C94E2}.Debug|Win32.ActiveCfg = Debug|Win32
		{AFDCAEA4-F165-4D64-BCC9-B4DB006C94E2}.Debug|Win32.Build.0 = Debug|Win32
		{AFDCAEA4-F165-4D64-BCC9-B4DB006C94E2}.Release|Win32.ActiveCfg = Release|Win32
		{AFDCAEA4-F165-4D64-BCC9-B4DB006C94E2}.Release|Win32.Build.0 = Release|Win32
		{9DC91DC3-485C-4742-B69E-3BE8679192CE}.Debug|Win32.ActiveCfg = Debug|Win32
		{9DC91DC3-485C-4742-B69E-3BE8679192CE}.Debug|Win32.Build.0 = Debug|Win32
		{9DC91DC3-485C-4742-B69E-3BE8679192CE}.Release|Win32.ActiveCfg = Release|Win32
		{9DC91DC3-485C-4742-B69E-3BE8679192CE}.Release|Win32.Build.0 = Release|Win32
		{3CA0805E-CA7D-4A2A-A447-C22D160587AA}.Debug|Win32.ActiveCfg = Debug|Win32
		{3CA0805E-CA7D-4A2A-A447-C22D160587AA}.Debug|Win32.Build.0 = Debug|Win32
		{3CA0805E-CA7D-4A2A-A447-C22D160587AA}.Release|Win32.ActiveCfg = Release|Win32
		{3CA0805E-CA7D-4A2A-A447-C22D160587AA}.Release|Win32.Build.0 = Release|Win32
		{49CFA35F-630D-4EE5-A67E-A23796AAA177}.Debug|Win32.ActiveCfg = Debug|Win32
		{49CFA35F-630D-4EE5-A67E-A23796AAA177}.Debug|Win32.Build.0 = Debug|Win32
		{49CFA35F-630D-4EE5-A67E-A23796AAA177}.Release|Win32.ActiveCfg = Release|Win32
		{49CFA35F-630D-4EE5-A67E-A23796AAA177}.Release|Win32.Build.0 = Release|Win32
		{30C260D9-6D93-41A0-BDBB-62C8D421B1B2}.Debug|Win32.ActiveCfg = Debug|Win32
		{30C260D9-6D93-41A0-BDBB-62C8D421B1B2}.Debug|Win32.Build.0 = Debug|Win32
		{30C260D9-6D93-41A0-BDBB-62C8D421B1B2}.Release|Win32.ActiveCfg = Release|Win32
		{30C260D9-6D93-41A0-BDBB-62C8D421B1B2}.Release|Win32.Build.0 = Release|Win32
		{297D436C-E019-4A0B-8F8F-51FEAF22B42A}.Debug|Win32.ActiveCfg = Debug|Win32
		{297D436C-E019-4A0B-8F8F-51FEAF22B42A}.Debug|Win32.Build.0 = Debug|Win32
		{297D436C-E019-4A0B-8F8F-51FEAF22B42A}.Release|Win32.ActiveCfg = Release|Win32
		{297D436C-E019-4A0B-8F8F-51FEAF22B42A}.Release|Win32.Build.0 = Release|Win32
		{EBACC82A-CEE5-46BC-9F4B-94C034DD2D6E}.Debug|Win32.ActiveCfg = Debug|Win32
		{EBACC82A-CEE5-46BC-9F4B-94C034DD2D6E}.Debug|Win32.Build.0 = Debug|Win32
		{EBACC82A-CEE5-46BC-9F4B-94C034DD2D6E}.Release|Win32.ActiveCfg = Release|Win32
		{EBACC82A-CEE5-46BC-9F4B-94C034DD2D6E}.Release|Win32.Build.0 = Release|Win32
	EndGlobalSection
	GlobalSection(SolutionProperties) = preSolution
		HideSolutionNode = FALSE
	EndGlobalSection
EndGlobal
